
Microsoft Visual Studio Solution File, Format Version 12.00
# Visual Studio Version 17
VisualStudioVersion = 17.10.35013.160
MinimumVisualStudioVersion = 10.0.40219.1
Project("{FAE04EC0-301F-11D3-BF4B-00C04F79EFBC}") = "DemoOOP03", "DemoOOP03\DemoOOP03.csproj", "{D401BB9E-610D-411B-8415-AE4DE3792B6E}"
EndProject
Global
	GlobalSection(SolutionConfigurationPlatforms) = preSolution
		Debug|Any CPU = Debug|Any CPU
		Release|Any CPU = Release|Any CPU
	EndGlobalSection
	GlobalSection(ProjectConfigurationPlatforms) = postSolution
		{D401BB9E-610D-411B-8415-AE4DE3792B6E}.Debug|Any CPU.ActiveCfg = Debug|Any CPU
		{D401BB9E-610D-411B-8415-AE4DE3792B6E}.Debug|Any CPU.Build.0 = Debug|Any CPU
		{D401BB9E-610D-411B-8415-AE4DE3792B6E}.Release|Any CPU.ActiveCfg = Release|Any CPU
		{D401BB9E-610D-411B-8415-AE4DE3792B6E}.Release|Any CPU.Build.0 = Release|Any CPU
	EndGlobalSection
	GlobalSection(SolutionProperties) = preSolution
		HideSolutionNode = FALSE
	EndGlobalSection
	GlobalSection(ExtensibilityGlobals) = postSolution
		SolutionGuid = {C6B9B4B4-19C1-4A6C-BB86-D72852E5914E}
	EndGlobalSection
EndGlobal
